
Microsoft Visual Studio Solution File, Format Version 12.00
# Visual Studio 2012
Project("{FAE04EC0-301F-11D3-BF4B-00C04F79EFBC}") = "IRCommander", "IRCommander\IRCommander.csproj", "{779D78F3-7F05-4F71-9CB5-BFBF7928902A}"
EndProject
Global
	GlobalSection(SolutionConfigurationPlatforms) = preSolution
		Debug|Any CPU = Debug|Any CPU
		Release|Any CPU = Release|Any CPU
	EndGlobalSection
	GlobalSection(ProjectConfigurationPlatforms) = postSolution
		{779D78F3-7F05-4F71-9CB5-BFBF7928902A}.Debug|Any CPU.ActiveCfg = Debug|Any CPU
		{779D78F3-7F05-4F71-9CB5-BFBF7928902A}.Debug|Any CPU.Build.0 = Debug|Any CPU
		{779D78F3-7F05-4F71-9CB5-BFBF7928902A}.Release|Any CPU.ActiveCfg = Release|Any CPU
		{779D78F3-7F05-4F71-9CB5-BFBF7928902A}.Release|Any CPU.Build.0 = Release|Any CPU
	EndGlobalSection
	GlobalSection(SolutionProperties) = preSolution
		HideSolutionNode = FALSE
	EndGlobalSection
EndGlobal
